
Microsoft Visual Studio Solution File, Format Version 12.00
# Visual Studio Version 16
VisualStudioVersion = 16.0.33328.57
MinimumVisualStudioVersion = 10.0.40219.1
Project("{FAE04EC0-301F-11D3-BF4B-00C04F79EFBC}") = "KutuphaneOtomasyon", "KutuphaneOtomasyon\KutuphaneOtomasyon.csproj", "{0B855C38-CB8E-472C-A9DB-D0AC24F8024A}"
EndProject
Global
	GlobalSection(SolutionConfigurationPlatforms) = preSolution
		Debug|Any CPU = Debug|Any CPU
		Release|Any CPU = Release|Any CPU
	EndGlobalSection
	GlobalSection(ProjectConfigurationPlatforms) = postSolution
		{0B855C38-CB8E-472C-A9DB-D0AC24F8024A}.Debug|Any CPU.ActiveCfg = Debug|Any CPU
		{0B855C38-CB8E-472C-A9DB-D0AC24F8024A}.Debug|Any CPU.Build.0 = Debug|Any CPU
		{0B855C38-CB8E-472C-A9DB-D0AC24F8024A}.Release|Any CPU.ActiveCfg = Release|Any CPU
		{0B855C38-CB8E-472C-A9DB-D0AC24F8024A}.Release|Any CPU.Build.0 = Release|Any CPU
	EndGlobalSection
	GlobalSection(SolutionProperties) = preSolution
		HideSolutionNode = FALSE
	EndGlobalSection
	GlobalSection(ExtensibilityGlobals) = postSolution
		SolutionGuid = {47EC89A8-C431-4EB3-ADD3-05C8E05865C5}
	EndGlobalSection
EndGlobal
